
Microsoft Visual Studio Solution File, Format Version 12.00
# Visual Studio Version 16
VisualStudioVersion = 16.0.30717.126
MinimumVisualStudioVersion = 10.0.40219.1
Project("{FAE04EC0-301F-11D3-BF4B-00C04F79EFBC}") = "Product-Management", "Product-Management.csproj", "{39D94E77-91B2-4B35-8084-162BEAE8A30E}"
EndProject
Global
	GlobalSection(SolutionConfigurationPlatforms) = preSolution
		Debug|Any CPU = Debug|Any CPU
		Release|Any CPU = Release|Any CPU
	EndGlobalSection
	GlobalSection(ProjectConfigurationPlatforms) = postSolution
		{39D94E77-91B2-4B35-8084-162BEAE8A30E}.Debug|Any CPU.ActiveCfg = Debug|Any CPU
		{39D94E77-91B2-4B35-8084-162BEAE8A30E}.Debug|Any CPU.Build.0 = Debug|Any CPU
		{39D94E77-91B2-4B35-8084-162BEAE8A30E}.Release|Any CPU.ActiveCfg = Release|Any CPU
		{39D94E77-91B2-4B35-8084-162BEAE8A30E}.Release|Any CPU.Build.0 = Release|Any CPU
	EndGlobalSection
	GlobalSection(SolutionProperties) = preSolution
		HideSolutionNode = FALSE
	EndGlobalSection
	GlobalSection(ExtensibilityGlobals) = postSolution
		SolutionGuid = {DD7F683C-0343-415E-A8E5-AAE8B173B388}
	EndGlobalSection
EndGlobal
